// !$*UTF8*$!
{
	archiveVersion = 1;
	classes = {
	};
	objectVersion = 56;
	objects = {

/* Begin PBXBuildFile section */
		F54F85B729A7BAE30080BEDB /* iTunesApiApp.swift in Sources */ = {isa = PBXBuildFile; fileRef = F54F85B629A7BAE30080BEDB /* iTunesApiApp.swift */; };
		F54F85B929A7BAE30080BEDB /* ContentView.swift in Sources */ = {isa = PBXBuildFile; fileRef = F54F85B829A7BAE30080BEDB /* ContentView.swift */; };
		F54F85BB29A7BAE40080BEDB /* Assets.xcassets in Resources */ = {isa = PBXBuildFile; fileRef = F54F85BA29A7BAE40080BEDB /* Assets.xcassets */; };
		F54F85BE29A7BAE40080BEDB /* Preview Assets.xcassets in Resources */ = {isa = PBXBuildFile; fileRef = F54F85BD29A7BAE40080BEDB /* Preview Assets.xcassets */; };
		F5DECD0129A7EF020081E623 /* Album.swift in Sources */ = {isa = PBXBuildFile; fileRef = F5DECD0029A7EF020081E623 /* Album.swift */; };
		F5DECD0329A7EF7B0081E623 /* AlbumListViewModel.swift in Sources */ = {isa = PBXBuildFile; fileRef = F5DECD0229A7EF7B0081E623 /* AlbumListViewModel.swift */; };
		F5DECD0529A7F11F0081E623 /* Movie.swift in Sources */ = {isa = PBXBuildFile; fileRef = F5DECD0429A7F11F0081E623 /* Movie.swift */; };
		F5DECD0729A7F12B0081E623 /* Songs.swift in Sources */ = {isa = PBXBuildFile; fileRef = F5DECD0629A7F12B0081E623 /* Songs.swift */; };
		F5DECD0929A7FD3B0081E623 /* AlbumListView.swift in Sources */ = {isa = PBXBuildFile; fileRef = F5DECD0829A7FD3B0081E623 /* AlbumListView.swift */; };
/* End PBXBuildFile section */

/* Begin PBXFileReference section */
		F54F85B329A7BAE30080BEDB /* iTunesApi.app */ = {isa = PBXFileReference; explicitFileType = wrapper.application; includeInIndex = 0; path = iTunesApi.app; sourceTree = BUILT_PRODUCTS_DIR; };
		F54F85B629A7BAE30080BEDB /* iTunesApiApp.swift */ = {isa = PBXFileReference; lastKnownFileType = sourcecode.swift; path = iTunesApiApp.swift; sourceTree = "<group>"; };
		F54F85B829A7BAE30080BEDB /* ContentView.swift */ = {isa = PBXFileReference; lastKnownFileType = sourcecode.swift; path = ContentView.swift; sourceTree = "<group>"; };
		F54F85BA29A7BAE40080BEDB /* Assets.xcassets */ = {isa = PBXFileReference; lastKnownFileType = folder.assetcatalog; path = Assets.xcassets; sourceTree = "<group>"; };
		F54F85BD29A7BAE40080BEDB /* Preview Assets.xcassets */ = {isa = PBXFileReference; lastKnownFileType = folder.assetcatalog; path = "Preview Assets.xcassets"; sourceTree = "<group>"; };
		F5DECD0029A7EF020081E623 /* Album.swift */ = {isa = PBXFileReference; lastKnownFileType = sourcecode.swift; path = Album.swift; sourceTree = "<group>"; };
		F5DECD0229A7EF7B0081E623 /* AlbumListViewModel.swift */ = {isa = PBXFileReference; lastKnownFileType = sourcecode.swift; path = AlbumListViewModel.swift; sourceTree = "<group>"; };
		F5DECD0429A7F11F0081E623 /* Movie.swift */ = {isa = PBXFileReference; lastKnownFileType = sourcecode.swift; path = Movie.swift; sourceTree = "<group>"; };
		F5DECD0629A7F12B0081E623 /* Songs.swift */ = {isa = PBXFileReference; lastKnownFileType = sourcecode.swift; path = Songs.swift; sourceTree = "<group>"; };
		F5DECD0829A7FD3B0081E623 /* AlbumListView.swift */ = {isa = PBXFileReference; lastKnownFileType = sourcecode.swift; path = AlbumListView.swift; sourceTree = "<group>"; };
/* End PBXFileReference section */

/* Begin PBXFrameworksBuildPhase section */
		F54F85B029A7BAE30080BEDB /* Frameworks */ = {
			isa = PBXFrameworksBuildPhase;
			buildActionMask = 2147483647;
			files = (
			);
			runOnlyForDeploymentPostprocessing = 0;
		};
/* End PBXFrameworksBuildPhase section */

/* Begin PBXGroup section */
		F54F85AA29A7BAE30080BEDB = {
			isa = PBXGroup;
			children = (
				F54F85B529A7BAE30080BEDB /* iTunesApi */,
				F54F85B429A7BAE30080BEDB /* Products */,
			);
			sourceTree = "<group>";
		};
		F54F85B429A7BAE30080BEDB /* Products */ = {
			isa = PBXGroup;
			children = (
				F54F85B329A7BAE30080BEDB /* iTunesApi.app */,
			);
			name = Products;
			sourceTree = "<group>";
		};
		F54F85B529A7BAE30080BEDB /* iTunesApi */ = {
			isa = PBXGroup;
			children = (
				F5DECCFF29A7EEE10081E623 /* View */,
				F5DECCFE29A7EED80081E623 /* ViewModel */,
				F5DECCFC29A7EEC60081E623 /* Model */,
				F54F85BC29A7BAE40080BEDB /* Preview Content */,
				F54F85B629A7BAE30080BEDB /* iTunesApiApp.swift */,
				F54F85B829A7BAE30080BEDB /* ContentView.swift */,
				F54F85BA29A7BAE40080BEDB /* Assets.xcassets */,
			);
			path = iTunesApi;
			sourceTree = "<group>";
		};
		F54F85BC29A7BAE40080BEDB /* Preview Content */ = {
			isa = PBXGroup;
			children = (
				F54F85BD29A7BAE40080BEDB /* Preview Assets.xcassets */,
			);
			path = "Preview Content";
			sourceTree = "<group>";
		};
		F5DECCFC29A7EEC60081E623 /* Model */ = {
			isa = PBXGroup;
			children = (
				F5DECD0029A7EF020081E623 /* Album.swift */,
				F5DECD0429A7F11F0081E623 /* Movie.swift */,
				F5DECD0629A7F12B0081E623 /* Songs.swift */,
			);
			path = Model;
			sourceTree = "<group>";
		};
		F5DECCFE29A7EED80081E623 /* ViewModel */ = {
			isa = PBXGroup;
			children = (
				F5DECD0229A7EF7B0081E623 /* AlbumListViewModel.swift */,
			);
			path = ViewModel;
			sourceTree = "<group>";
		};
		F5DECCFF29A7EEE10081E623 /* View */ = {
			isa = PBXGroup;
			children = (
				F5DECD0829A7FD3B0081E623 /* AlbumListView.swift */,
			);
			path = View;
			sourceTree = "<group>";
		};
/* End PBXGroup section */

/* Begin PBXNativeTarget section */
		F54F85B229A7BAE30080BEDB /* iTunesApi */ = {
			isa = PBXNativeTarget;
			buildConfigurationList = F54F85C129A7BAE40080BEDB /* Build configuration list for PBXNativeTarget "iTunesApi" */;
			buildPhases = (
				F54F85AF29A7BAE30080BEDB /* Sources */,
				F54F85B029A7BAE30080BEDB /* Frameworks */,
				F54F85B129A7BAE30080BEDB /* Resources */,
			);
			buildRules = (
			);
			dependencies = (
			);
			name = iTunesApi;
			productName = iTunesApi;
			productReference = F54F85B329A7BAE30080BEDB /* iTunesApi.app */;
			productType = "com.apple.product-type.application";
		};
/* End PBXNativeTarget section */

/* Begin PBXProject section */
		F54F85AB29A7BAE30080BEDB /* Project object */ = {
			isa = PBXProject;
			attributes = {
				BuildIndependentTargetsInParallel = 1;
				LastSwiftUpdateCheck = 1420;
				LastUpgradeCheck = 1420;
				TargetAttributes = {
					F54F85B229A7BAE30080BEDB = {
						CreatedOnToolsVersion = 14.2;
					};
				};
			};
			buildConfigurationList = F54F85AE29A7BAE30080BEDB /* Build configuration list for PBXProject "iTunesApi" */;
			compatibilityVersion = "Xcode 14.0";
			developmentRegion = en;
			hasScannedForEncodings = 0;
			knownRegions = (
				en,
				Base,
			);
			mainGroup = F54F85AA29A7BAE30080BEDB;
			productRefGroup = F54F85B429A7BAE30080BEDB /* Products */;
			projectDirPath = "";
			projectRoot = "";
			targets = (
				F54F85B229A7BAE30080BEDB /* iTunesApi */,
			);
		};
/* End PBXProject section */

/* Begin PBXResourcesBuildPhase section */
		F54F85B129A7BAE30080BEDB /* Resources */ = {
			isa = PBXResourcesBuildPhase;
			buildActionMask = 2147483647;
			files = (
				F54F85BE29A7BAE40080BEDB /* Preview Assets.xcassets in Resources */,
				F54F85BB29A7BAE40080BEDB /* Assets.xcassets in Resources */,
			);
			runOnlyForDeploymentPostprocessing = 0;
		};
/* End PBXResourcesBuildPhase section */

/* Begin PBXSourcesBuildPhase section */
		F54F85AF29A7BAE30080BEDB /* Sources */ = {
			isa = PBXSourcesBuildPhase;
			buildActionMask = 2147483647;
			files = (
				F5DECD0729A7F12B0081E623 /* Songs.swift in Sources */,
				F5DECD0329A7EF7B0081E623 /* AlbumListViewModel.swift in Sources */,
				F54F85B929A7BAE30080BEDB /* ContentView.swift in Sources */,
				F54F85B729A7BAE30080BEDB /* iTunesApiApp.swift in Sources */,
				F5DECD0129A7EF020081E623 /* Album.swift in Sources */,
				F5DECD0529A7F11F0081E623 /* Movie.swift in Sources */,
				F5DECD0929A7FD3B0081E623 /* AlbumListView.swift in Sources */,
			);
			runOnlyForDeploymentPostprocessing = 0;
		};
/* End PBXSourcesBuildPhase section */

/* Begin XCBuildConfiguration section */
		F54F85BF29A7BAE40080BEDB /* Debug */ = {
			isa = XCBuildConfiguration;
			buildSettings = {
				ALWAYS_SEARCH_USER_PATHS = NO;
				CLANG_ANALYZER_NONNULL = YES;
				CLANG_ANALYZER_NUMBER_OBJECT_CONVERSION = YES_AGGRESSIVE;
				CLANG_CXX_LANGUAGE_STANDARD = "gnu++20";
				CLANG_ENABLE_MODULES = YES;
				CLANG_ENABLE_OBJC_ARC = YES;
				CLANG_ENABLE_OBJC_WEAK = YES;
				CLANG_WARN_BLOCK_CAPTURE_AUTORELEASING = YES;
				CLANG_WARN_BOOL_CONVERSION = YES;
				CLANG_WARN_COMMA = YES;
				CLANG_WARN_CONSTANT_CONVERSION = YES;
				CLANG_WARN_DEPRECATED_OBJC_IMPLEMENTATIONS = YES;
				CLANG_WARN_DIRECT_OBJC_ISA_USAGE = YES_ERROR;
				CLANG_WARN_DOCUMENTATION_COMMENTS = YES;
				CLANG_WARN_EMPTY_BODY = YES;
				CLANG_WARN_ENUM_CONVERSION = YES;
				CLANG_WARN_INFINITE_RECURSION = YES;
				CLANG_WARN_INT_CONVERSION = YES;
				CLANG_WARN_NON_LITERAL_NULL_CONVERSION = YES;
				CLANG_WARN_OBJC_IMPLICIT_RETAIN_SELF = YES;
				CLANG_WARN_OBJC_LITERAL_CONVERSION = YES;
				CLANG_WARN_OBJC_ROOT_CLASS = YES_ERROR;
				CLANG_WARN_QUOTED_INCLUDE_IN_FRAMEWORK_HEADER = YES;
				CLANG_WARN_RANGE_LOOP_ANALYSIS = YES;
				CLANG_WARN_STRICT_PROTOTYPES = YES;
				CLANG_WARN_SUSPICIOUS_MOVE = YES;
				CLANG_WARN_UNGUARDED_AVAILABILITY = YES_AGGRESSIVE;
				CLANG_WARN_UNREACHABLE_CODE = YES;
				CLANG_WARN__DUPLICATE_METHOD_MATCH = YES;
				COPY_PHASE_STRIP = NO;
				DEBUG_INFORMATION_FORMAT = dwarf;
				ENABLE_STRICT_OBJC_MSGSEND = YES;
				ENABLE_TESTABILITY = YES;
				GCC_C_LANGUAGE_STANDARD = gnu11;
				GCC_DYNAMIC_NO_PIC = NO;
				GCC_NO_COMMON_BLOCKS = YES;
				GCC_OPTIMIZATION_LEVEL = 0;
				GCC_PREPROCESSOR_DEFINITIONS = (
					"DEBUG=1",
					"$(inherited)",
				);
				GCC_WARN_64_TO_32_BIT_CONVERSION = YES;
				GCC_WARN_ABOUT_RETURN_TYPE = YES_ERROR;
				GCC_WARN_UNDECLARED_SELECTOR = YES;
				GCC_WARN_UNINITIALIZED_AUTOS = YES_AGGRESSIVE;
				GCC_WARN_UNUSED_FUNCTION = YES;
				GCC_WARN_UNUSED_VARIABLE = YES;
				IPHONEOS_DEPLOYMENT_TARGET = 16.2;
				MTL_ENABLE_DEBUG_INFO = INCLUDE_SOURCE;
				MTL_FAST_MATH = YES;
				ONLY_ACTIVE_ARCH = YES;
				SDKROOT = iphoneos;
				SWIFT_ACTIVE_COMPILATION_CONDITIONS = DEBUG;
				SWIFT_OPTIMIZATION_LEVEL = "-Onone";
			};
			name = Debug;
		};
		F54F85C029A7BAE40080BEDB /* Release */ = {
			isa = XCBuildConfiguration;
			buildSettings = {
				ALWAYS_SEARCH_USER_PATHS = NO;
				CLANG_ANALYZER_NONNULL = YES;
				CLANG_ANALYZER_NUMBER_OBJECT_CONVERSION = YES_AGGRESSIVE;
				CLANG_CXX_LANGUAGE_STANDARD = "gnu++20";
				CLANG_ENABLE_MODULES = YES;
				CLANG_ENABLE_OBJC_ARC = YES;
				CLANG_ENABLE_OBJC_WEAK = YES;
				CLANG_WARN_BLOCK_CAPTURE_AUTORELEASING = YES;
				CLANG_WARN_BOOL_CONVERSION = YES;
				CLANG_WARN_COMMA = YES;
				CLANG_WARN_CONSTANT_CONVERSION = YES;
				CLANG_WARN_DEPRECATED_OBJC_IMPLEMENTATIONS = YES;
				CLANG_WARN_DIRECT_OBJC_ISA_USAGE = YES_ERROR;
				CLANG_WARN_DOCUMENTATION_COMMENTS = YES;
				CLANG_WARN_EMPTY_BODY = YES;
				CLANG_WARN_ENUM_CONVERSION = YES;
				CLANG_WARN_INFINITE_RECURSION = YES;
				CLANG_WARN_INT_CONVERSION = YES;
				CLANG_WARN_NON_LITERAL_NULL_CONVERSION = YES;
				CLANG_WARN_OBJC_IMPLICIT_RETAIN_SELF = YES;
				CLANG_WARN_OBJC_LITERAL_CONVERSION = YES;
				CLANG_WARN_OBJC_ROOT_CLASS = YES_ERROR;
				CLANG_WARN_QUOTED_INCLUDE_IN_FRAMEWORK_HEADER = YES;
				CLANG_WARN_RANGE_LOOP_ANALYSIS = YES;
				CLANG_WARN_STRICT_PROTOTYPES = YES;
				CLANG_WARN_SUSPICIOUS_MOVE = YES;
				CLANG_WARN_UNGUARDED_AVAILABILITY = YES_AGGRESSIVE;
				CLANG_WARN_UNREACHABLE_CODE = YES;
				CLANG_WARN__DUPLICATE_METHOD_MATCH = YES;
				COPY_PHASE_STRIP = NO;
				DEBUG_INFORMATION_FORMAT = "dwarf-with-dsym";
				ENABLE_NS_ASSERTIONS = NO;
				ENABLE_STRICT_OBJC_MSGSEND = YES;
				GCC_C_LANGUAGE_STANDARD = gnu11;
				GCC_NO_COMMON_BLOCKS = YES;
				GCC_WARN_64_TO_32_BIT_CONVERSION = YES;
				GCC_WARN_ABOUT_RETURN_TYPE = YES_ERROR;
				GCC_WARN_UNDECLARED_SELECTOR = YES;
				GCC_WARN_UNINITIALIZED_AUTOS = YES_AGGRESSIVE;
				GCC_WARN_UNUSED_FUNCTION = YES;
				GCC_WARN_UNUSED_VARIABLE = YES;
				IPHONEOS_DEPLOYMENT_TARGET = 16.2;
				MTL_ENABLE_DEBUG_INFO = NO;
				MTL_FAST_MATH = YES;
				SDKROOT = iphoneos;
				SWIFT_COMPILATION_MODE = wholemodule;
				SWIFT_OPTIMIZATION_LEVEL = "-O";
				VALIDATE_PRODUCT = YES;
			};
			name = Release;
		};
		F54F85C229A7BAE40080BEDB /* Debug */ = {
			isa = XCBuildConfiguration;
			buildSettings = {
				ASSETCATALOG_COMPILER_APPICON_NAME = AppIcon;
				ASSETCATALOG_COMPILER_GLOBAL_ACCENT_COLOR_NAME = AccentColor;
				CODE_SIGN_STYLE = Automatic;
				CURRENT_PROJECT_VERSION = 1;
				DEVELOPMENT_ASSET_PATHS = "\"iTunesApi/Preview Content\"";
				DEVELOPMENT_TEAM = YPNN49C536;
				ENABLE_PREVIEWS = YES;
				GENERATE_INFOPLIST_FILE = YES;
				INFOPLIST_KEY_UIApplicationSceneManifest_Generation = YES;
				INFOPLIST_KEY_UIApplicationSupportsIndirectInputEvents = YES;
				INFOPLIST_KEY_UILaunchScreen_Generation = YES;
				INFOPLIST_KEY_UISupportedInterfaceOrientations_iPad = "UIInterfaceOrientationPortrait UIInterfaceOrientationPortraitUpsideDown UIInterfaceOrientationLandscapeLeft UIInterfaceOrientationLandscapeRight";
				INFOPLIST_KEY_UISupportedInterfaceOrientations_iPhone = "UIInterfaceOrientationPortrait UIInterfaceOrientationLandscapeLeft UIInterfaceOrientationLandscapeRight";
				LD_RUNPATH_SEARCH_PATHS = (
					"$(inherited)",
					"@executable_path/Frameworks",
				);
				MARKETING_VERSION = 1.0;
				PRODUCT_BUNDLE_IDENTIFIER = com.FakingR3D.iTunesApi;
				PRODUCT_NAME = "$(TARGET_NAME)";
				SWIFT_EMIT_LOC_STRINGS = YES;
				SWIFT_VERSION = 5.0;
				TARGETED_DEVICE_FAMILY = "1,2";
			};
			name = Debug;
		};
		F54F85C329A7BAE40080BEDB /* Release */ = {
			isa = XCBuildConfiguration;
			buildSettings = {
				ASSETCATALOG_COMPILER_APPICON_NAME = AppIcon;
				ASSETCATALOG_COMPILER_GLOBAL_ACCENT_COLOR_NAME = AccentColor;
				CODE_SIGN_STYLE = Automatic;
				CURRENT_PROJECT_VERSION = 1;
				DEVELOPMENT_ASSET_PATHS = "\"iTunesApi/Preview Content\"";
				DEVELOPMENT_TEAM = YPNN49C536;
				ENABLE_PREVIEWS = YES;
				GENERATE_INFOPLIST_FILE = YES;
				INFOPLIST_KEY_UIApplicationSceneManifest_Generation = YES;
				INFOPLIST_KEY_UIApplicationSupportsIndirectInputEvents = YES;
				INFOPLIST_KEY_UILaunchScreen_Generation = YES;
				INFOPLIST_KEY_UISupportedInterfaceOrientations_iPad = "UIInterfaceOrientationPortrait UIInterfaceOrientationPortraitUpsideDown UIInterfaceOrientationLandscapeLeft UIInterfaceOrientationLandscapeRight";
				INFOPLIST_KEY_UISupportedInterfaceOrientations_iPhone = "UIInterfaceOrientationPortrait UIInterfaceOrientationLandscapeLeft UIInterfaceOrientationLandscapeRight";
				LD_RUNPATH_SEARCH_PATHS = (
					"$(inherited)",
					"@executable_path/Frameworks",
				);
				MARKETING_VERSION = 1.0;
				PRODUCT_BUNDLE_IDENTIFIER = com.FakingR3D.iTunesApi;
				PRODUCT_NAME = "$(TARGET_NAME)";
				SWIFT_EMIT_LOC_STRINGS = YES;
				SWIFT_VERSION = 5.0;
				TARGETED_DEVICE_FAMILY = "1,2";
			};
			name = Release;
		};
/* End XCBuildConfiguration section */

/* Begin XCConfigurationList section */
		F54F85AE29A7BAE30080BEDB /* Build configuration list for PBXProject "iTunesApi" */ = {
			isa = XCConfigurationList;
			buildConfigurations = (
				F54F85BF29A7BAE40080BEDB /* Debug */,
				F54F85C029A7BAE40080BEDB /* Release */,
			);
			defaultConfigurationIsVisible = 0;
			defaultConfigurationName = Release;
		};
		F54F85C129A7BAE40080BEDB /* Build configuration list for PBXNativeTarget "iTunesApi" */ = {
			isa = XCConfigurationList;
			buildConfigurations = (
				F54F85C229A7BAE40080BEDB /* Debug */,
				F54F85C329A7BAE40080BEDB /* Release */,
			);
			defaultConfigurationIsVisible = 0;
			defaultConfigurationName = Release;
		};
/* End XCConfigurationList section */
	};
	rootObject = F54F85AB29A7BAE30080BEDB /* Project object */;
}
